// !$*UTF8*$!
{
	archiveVersion = 1;
	classes = {
	};
	objectVersion = 50;
	objects = {

/* Begin PBXBuildFile section */
		8CCED599235F773A00A127D8 /* AppDelegate.swift in Sources */ = {isa = PBXBuildFile; fileRef = 8CCED598235F773A00A127D8 /* AppDelegate.swift */; };
		8CCED59B235F773A00A127D8 /* SceneDelegate.swift in Sources */ = {isa = PBXBuildFile; fileRef = 8CCED59A235F773A00A127D8 /* SceneDelegate.swift */; };
		8CCED59D235F773A00A127D8 /* ContentView.swift in Sources */ = {isa = PBXBuildFile; fileRef = 8CCED59C235F773A00A127D8 /* ContentView.swift */; };
		8CCED59F235F773F00A127D8 /* Assets.xcassets in Resources */ = {isa = PBXBuildFile; fileRef = 8CCED59E235F773F00A127D8 /* Assets.xcassets */; };
		8CCED5A2235F773F00A127D8 /* Preview Assets.xcassets in Resources */ = {isa = PBXBuildFile; fileRef = 8CCED5A1235F773F00A127D8 /* Preview Assets.xcassets */; };
		8CCED5A5235F773F00A127D8 /* LaunchScreen.storyboard in Resources */ = {isa = PBXBuildFile; fileRef = 8CCED5A3235F773F00A127D8 /* LaunchScreen.storyboard */; };
		8CCED5B0235F774000A127D8 /* PickerViewMLEmblemsTests.swift in Sources */ = {isa = PBXBuildFile; fileRef = 8CCED5AF235F774000A127D8 /* PickerViewMLEmblemsTests.swift */; };
		8CCED5BB235F774000A127D8 /* PickerViewMLEmblemsUITests.swift in Sources */ = {isa = PBXBuildFile; fileRef = 8CCED5BA235F774000A127D8 /* PickerViewMLEmblemsUITests.swift */; };
		F6F3865124C9EFAD00A82FEE /* MLFragments2_0.framework in Frameworks */ = {isa = PBXBuildFile; fileRef = F64320DD24B66A8C00702ED4 /* MLFragments2_0.framework */; };
		F6F3865224C9EFAD00A82FEE /* MLFragments2_0.framework in Embed Frameworks */ = {isa = PBXBuildFile; fileRef = F64320DD24B66A8C00702ED4 /* MLFragments2_0.framework */; settings = {ATTRIBUTES = (CodeSignOnCopy, RemoveHeadersOnCopy, ); }; };
/* End PBXBuildFile section */

/* Begin PBXContainerItemProxy section */
		8CCED5AC235F774000A127D8 /* PBXContainerItemProxy */ = {
			isa = PBXContainerItemProxy;
			containerPortal = 8CCED58D235F773A00A127D8 /* Project object */;
			proxyType = 1;
			remoteGlobalIDString = 8CCED594235F773A00A127D8;
			remoteInfo = PickerViewMLEmblems;
		};
		8CCED5B7235F774000A127D8 /* PBXContainerItemProxy */ = {
			isa = PBXContainerItemProxy;
			containerPortal = 8CCED58D235F773A00A127D8 /* Project object */;
			proxyType = 1;
			remoteGlobalIDString = 8CCED594235F773A00A127D8;
			remoteInfo = PickerViewMLEmblems;
		};
/* End PBXContainerItemProxy section */

/* Begin PBXCopyFilesBuildPhase section */
		F6F3865324C9EFAD00A82FEE /* Embed Frameworks */ = {
			isa = PBXCopyFilesBuildPhase;
			buildActionMask = 2147483647;
			dstPath = "";
			dstSubfolderSpec = 10;
			files = (
				F6F3865224C9EFAD00A82FEE /* MLFragments2_0.framework in Embed Frameworks */,
			);
			name = "Embed Frameworks";
			runOnlyForDeploymentPostprocessing = 0;
		};
/* End PBXCopyFilesBuildPhase section */

/* Begin PBXFileReference section */
		8CCED595235F773A00A127D8 /* Emblater.app */ = {isa = PBXFileReference; explicitFileType = wrapper.application; includeInIndex = 0; path = Emblater.app; sourceTree = BUILT_PRODUCTS_DIR; };
		8CCED598235F773A00A127D8 /* AppDelegate.swift */ = {isa = PBXFileReference; lastKnownFileType = sourcecode.swift; path = AppDelegate.swift; sourceTree = "<group>"; };
		8CCED59A235F773A00A127D8 /* SceneDelegate.swift */ = {isa = PBXFileReference; lastKnownFileType = sourcecode.swift; path = SceneDelegate.swift; sourceTree = "<group>"; };
		8CCED59C235F773A00A127D8 /* ContentView.swift */ = {isa = PBXFileReference; lastKnownFileType = sourcecode.swift; path = ContentView.swift; sourceTree = "<group>"; };
		8CCED59E235F773F00A127D8 /* Assets.xcassets */ = {isa = PBXFileReference; lastKnownFileType = folder.assetcatalog; path = Assets.xcassets; sourceTree = "<group>"; };
		8CCED5A1235F773F00A127D8 /* Preview Assets.xcassets */ = {isa = PBXFileReference; lastKnownFileType = folder.assetcatalog; path = "Preview Assets.xcassets"; sourceTree = "<group>"; };
		8CCED5A4235F773F00A127D8 /* Base */ = {isa = PBXFileReference; lastKnownFileType = file.storyboard; name = Base; path = Base.lproj/LaunchScreen.storyboard; sourceTree = "<group>"; };
		8CCED5A6235F773F00A127D8 /* Info.plist */ = {isa = PBXFileReference; lastKnownFileType = text.plist.xml; path = Info.plist; sourceTree = "<group>"; };
		8CCED5AB235F774000A127D8 /* EmblaterTests.xctest */ = {isa = PBXFileReference; explicitFileType = wrapper.cfbundle; includeInIndex = 0; path = EmblaterTests.xctest; sourceTree = BUILT_PRODUCTS_DIR; };
		8CCED5AF235F774000A127D8 /* PickerViewMLEmblemsTests.swift */ = {isa = PBXFileReference; lastKnownFileType = sourcecode.swift; path = PickerViewMLEmblemsTests.swift; sourceTree = "<group>"; };
		8CCED5B1235F774000A127D8 /* Info.plist */ = {isa = PBXFileReference; lastKnownFileType = text.plist.xml; path = Info.plist; sourceTree = "<group>"; };
		8CCED5B6235F774000A127D8 /* EmblaterUITests.xctest */ = {isa = PBXFileReference; explicitFileType = wrapper.cfbundle; includeInIndex = 0; path = EmblaterUITests.xctest; sourceTree = BUILT_PRODUCTS_DIR; };
		8CCED5BA235F774000A127D8 /* PickerViewMLEmblemsUITests.swift */ = {isa = PBXFileReference; lastKnownFileType = sourcecode.swift; path = PickerViewMLEmblemsUITests.swift; sourceTree = "<group>"; };
		8CCED5BC235F774000A127D8 /* Info.plist */ = {isa = PBXFileReference; lastKnownFileType = text.plist.xml; path = Info.plist; sourceTree = "<group>"; };
		F64320DA24B66A1E00702ED4 /* MLFragments2_0.framework */ = {isa = PBXFileReference; explicitFileType = wrapper.framework; path = MLFragments2_0.framework; sourceTree = BUILT_PRODUCTS_DIR; };
		F64320DD24B66A8C00702ED4 /* MLFragments2_0.framework */ = {isa = PBXFileReference; explicitFileType = wrapper.framework; path = MLFragments2_0.framework; sourceTree = BUILT_PRODUCTS_DIR; };
/* End PBXFileReference section */

/* Begin PBXFrameworksBuildPhase section */
		8CCED592235F773A00A127D8 /* Frameworks */ = {
			isa = PBXFrameworksBuildPhase;
			buildActionMask = 2147483647;
			files = (
				F6F3865124C9EFAD00A82FEE /* MLFragments2_0.framework in Frameworks */,
			);
			runOnlyForDeploymentPostprocessing = 0;
		};
		8CCED5A8235F774000A127D8 /* Frameworks */ = {
			isa = PBXFrameworksBuildPhase;
			buildActionMask = 2147483647;
			files = (
			);
			runOnlyForDeploymentPostprocessing = 0;
		};
		8CCED5B3235F774000A127D8 /* Frameworks */ = {
			isa = PBXFrameworksBuildPhase;
			buildActionMask = 2147483647;
			files = (
			);
			runOnlyForDeploymentPostprocessing = 0;
		};
/* End PBXFrameworksBuildPhase section */

/* Begin PBXGroup section */
		8CCED58C235F773A00A127D8 = {
			isa = PBXGroup;
			children = (
				8CCED597235F773A00A127D8 /* PickerViewMLEmblems */,
				8CCED5AE235F774000A127D8 /* PickerViewMLEmblemsTests */,
				8CCED5B9235F774000A127D8 /* PickerViewMLEmblemsUITests */,
				8CCED596235F773A00A127D8 /* Products */,
				F67A8E4E24B5087D0062C99E /* Frameworks */,
			);
			sourceTree = "<group>";
		};
		8CCED596235F773A00A127D8 /* Products */ = {
			isa = PBXGroup;
			children = (
				8CCED595235F773A00A127D8 /* Emblater.app */,
				8CCED5AB235F774000A127D8 /* EmblaterTests.xctest */,
				8CCED5B6235F774000A127D8 /* EmblaterUITests.xctest */,
			);
			name = Products;
			sourceTree = "<group>";
		};
		8CCED597235F773A00A127D8 /* PickerViewMLEmblems */ = {
			isa = PBXGroup;
			children = (
				8CCED598235F773A00A127D8 /* AppDelegate.swift */,
				8CCED59A235F773A00A127D8 /* SceneDelegate.swift */,
				8CCED59C235F773A00A127D8 /* ContentView.swift */,
				8CCED59E235F773F00A127D8 /* Assets.xcassets */,
				8CCED5A3235F773F00A127D8 /* LaunchScreen.storyboard */,
				8CCED5A6235F773F00A127D8 /* Info.plist */,
				8CCED5A0235F773F00A127D8 /* Preview Content */,
			);
			path = PickerViewMLEmblems;
			sourceTree = "<group>";
		};
		8CCED5A0235F773F00A127D8 /* Preview Content */ = {
			isa = PBXGroup;
			children = (
				8CCED5A1235F773F00A127D8 /* Preview Assets.xcassets */,
			);
			path = "Preview Content";
			sourceTree = "<group>";
		};
		8CCED5AE235F774000A127D8 /* PickerViewMLEmblemsTests */ = {
			isa = PBXGroup;
			children = (
				8CCED5AF235F774000A127D8 /* PickerViewMLEmblemsTests.swift */,
				8CCED5B1235F774000A127D8 /* Info.plist */,
			);
			path = PickerViewMLEmblemsTests;
			sourceTree = "<group>";
		};
		8CCED5B9235F774000A127D8 /* PickerViewMLEmblemsUITests */ = {
			isa = PBXGroup;
			children = (
				8CCED5BA235F774000A127D8 /* PickerViewMLEmblemsUITests.swift */,
				8CCED5BC235F774000A127D8 /* Info.plist */,
			);
			path = PickerViewMLEmblemsUITests;
			sourceTree = "<group>";
		};
		F67A8E4E24B5087D0062C99E /* Frameworks */ = {
			isa = PBXGroup;
			children = (
				F64320DD24B66A8C00702ED4 /* MLFragments2_0.framework */,
				F64320DA24B66A1E00702ED4 /* MLFragments2_0.framework */,
			);
			name = Frameworks;
			sourceTree = "<group>";
		};
/* End PBXGroup section */

/* Begin PBXNativeTarget section */
		8CCED594235F773A00A127D8 /* Emblater */ = {
			isa = PBXNativeTarget;
			buildConfigurationList = 8CCED5BF235F774000A127D8 /* Build configuration list for PBXNativeTarget "Emblater" */;
			buildPhases = (
				8CCED591235F773A00A127D8 /* Sources */,
				8CCED592235F773A00A127D8 /* Frameworks */,
				8CCED593235F773A00A127D8 /* Resources */,
				F6F3865324C9EFAD00A82FEE /* Embed Frameworks */,
			);
			buildRules = (
			);
			dependencies = (
			);
			name = Emblater;
			productName = PickerViewMLEmblems;
			productReference = 8CCED595235F773A00A127D8 /* Emblater.app */;
			productType = "com.apple.product-type.application";
		};
		8CCED5AA235F774000A127D8 /* EmblaterTests */ = {
			isa = PBXNativeTarget;
			buildConfigurationList = 8CCED5C2235F774000A127D8 /* Build configuration list for PBXNativeTarget "EmblaterTests" */;
			buildPhases = (
				8CCED5A7235F774000A127D8 /* Sources */,
				8CCED5A8235F774000A127D8 /* Frameworks */,
				8CCED5A9235F774000A127D8 /* Resources */,
			);
			buildRules = (
			);
			dependencies = (
				8CCED5AD235F774000A127D8 /* PBXTargetDependency */,
			);
			name = EmblaterTests;
			productName = PickerViewMLEmblemsTests;
			productReference = 8CCED5AB235F774000A127D8 /* EmblaterTests.xctest */;
			productType = "com.apple.product-type.bundle.unit-test";
		};
		8CCED5B5235F774000A127D8 /* EmblaterUITests */ = {
			isa = PBXNativeTarget;
			buildConfigurationList = 8CCED5C5235F774000A127D8 /* Build configuration list for PBXNativeTarget "EmblaterUITests" */;
			buildPhases = (
				8CCED5B2235F774000A127D8 /* Sources */,
				8CCED5B3235F774000A127D8 /* Frameworks */,
				8CCED5B4235F774000A127D8 /* Resources */,
			);
			buildRules = (
			);
			dependencies = (
				8CCED5B8235F774000A127D8 /* PBXTargetDependency */,
			);
			name = EmblaterUITests;
			productName = PickerViewMLEmblemsUITests;
			productReference = 8CCED5B6235F774000A127D8 /* EmblaterUITests.xctest */;
			productType = "com.apple.product-type.bundle.ui-testing";
		};
/* End PBXNativeTarget section */

/* Begin PBXProject section */
		8CCED58D235F773A00A127D8 /* Project object */ = {
			isa = PBXProject;
			attributes = {
				LastSwiftUpdateCheck = 1100;
				LastUpgradeCheck = 1100;
				ORGANIZATIONNAME = Oshyn;
				TargetAttributes = {
					8CCED594235F773A00A127D8 = {
						CreatedOnToolsVersion = 11.0;
					};
					8CCED5AA235F774000A127D8 = {
						CreatedOnToolsVersion = 11.0;
						TestTargetID = 8CCED594235F773A00A127D8;
					};
					8CCED5B5235F774000A127D8 = {
						CreatedOnToolsVersion = 11.0;
						TestTargetID = 8CCED594235F773A00A127D8;
					};
				};
			};
			buildConfigurationList = 8CCED590235F773A00A127D8 /* Build configuration list for PBXProject "Emblater" */;
			compatibilityVersion = "Xcode 9.3";
			developmentRegion = en;
			hasScannedForEncodings = 0;
			knownRegions = (
				en,
				Base,
			);
			mainGroup = 8CCED58C235F773A00A127D8;
			productRefGroup = 8CCED596235F773A00A127D8 /* Products */;
			projectDirPath = "";
			projectRoot = "";
			targets = (
				8CCED594235F773A00A127D8 /* Emblater */,
				8CCED5AA235F774000A127D8 /* EmblaterTests */,
				8CCED5B5235F774000A127D8 /* EmblaterUITests */,
			);
		};
/* End PBXProject section */

/* Begin PBXResourcesBuildPhase section */
		8CCED593235F773A00A127D8 /* Resources */ = {
			isa = PBXResourcesBuildPhase;
			buildActionMask = 2147483647;
			files = (
				8CCED5A5235F773F00A127D8 /* LaunchScreen.storyboard in Resources */,
				8CCED5A2235F773F00A127D8 /* Preview Assets.xcassets in Resources */,
				8CCED59F235F773F00A127D8 /* Assets.xcassets in Resources */,
			);
			runOnlyForDeploymentPostprocessing = 0;
		};
		8CCED5A9235F774000A127D8 /* Resources */ = {
			isa = PBXResourcesBuildPhase;
			buildActionMask = 2147483647;
			files = (
			);
			runOnlyForDeploymentPostprocessing = 0;
		};
		8CCED5B4235F774000A127D8 /* Resources */ = {
			isa = PBXResourcesBuildPhase;
			buildActionMask = 2147483647;
			files = (
			);
			runOnlyForDeploymentPostprocessing = 0;
		};
/* End PBXResourcesBuildPhase section */

/* Begin PBXSourcesBuildPhase section */
		8CCED591235F773A00A127D8 /* Sources */ = {
			isa = PBXSourcesBuildPhase;
			buildActionMask = 2147483647;
			files = (
				8CCED599235F773A00A127D8 /* AppDelegate.swift in Sources */,
				8CCED59B235F773A00A127D8 /* SceneDelegate.swift in Sources */,
				8CCED59D235F773A00A127D8 /* ContentView.swift in Sources */,
			);
			runOnlyForDeploymentPostprocessing = 0;
		};
		8CCED5A7235F774000A127D8 /* Sources */ = {
			isa = PBXSourcesBuildPhase;
			buildActionMask = 2147483647;
			files = (
				8CCED5B0235F774000A127D8 /* PickerViewMLEmblemsTests.swift in Sources */,
			);
			runOnlyForDeploymentPostprocessing = 0;
		};
		8CCED5B2235F774000A127D8 /* Sources */ = {
			isa = PBXSourcesBuildPhase;
			buildActionMask = 2147483647;
			files = (
				8CCED5BB235F774000A127D8 /* PickerViewMLEmblemsUITests.swift in Sources */,
			);
			runOnlyForDeploymentPostprocessing = 0;
		};
/* End PBXSourcesBuildPhase section */

/* Begin PBXTargetDependency section */
		8CCED5AD235F774000A127D8 /* PBXTargetDependency */ = {
			isa = PBXTargetDependency;
			target = 8CCED594235F773A00A127D8 /* Emblater */;
			targetProxy = 8CCED5AC235F774000A127D8 /* PBXContainerItemProxy */;
		};
		8CCED5B8235F774000A127D8 /* PBXTargetDependency */ = {
			isa = PBXTargetDependency;
			target = 8CCED594235F773A00A127D8 /* Emblater */;
			targetProxy = 8CCED5B7235F774000A127D8 /* PBXContainerItemProxy */;
		};
/* End PBXTargetDependency section */

/* Begin PBXVariantGroup section */
		8CCED5A3235F773F00A127D8 /* LaunchScreen.storyboard */ = {
			isa = PBXVariantGroup;
			children = (
				8CCED5A4235F773F00A127D8 /* Base */,
			);
			name = LaunchScreen.storyboard;
			sourceTree = "<group>";
		};
/* End PBXVariantGroup section */

/* Begin XCBuildConfiguration section */
		8CCED5BD235F774000A127D8 /* Debug */ = {
			isa = XCBuildConfiguration;
			buildSettings = {
				ALWAYS_SEARCH_USER_PATHS = NO;
				CLANG_ANALYZER_NONNULL = YES;
				CLANG_ANALYZER_NUMBER_OBJECT_CONVERSION = YES_AGGRESSIVE;
				CLANG_CXX_LANGUAGE_STANDARD = "gnu++14";
				CLANG_CXX_LIBRARY = "libc++";
				CLANG_ENABLE_MODULES = YES;
				CLANG_ENABLE_OBJC_ARC = YES;
				CLANG_ENABLE_OBJC_WEAK = YES;
				CLANG_WARN_BLOCK_CAPTURE_AUTORELEASING = YES;
				CLANG_WARN_BOOL_CONVERSION = YES;
				CLANG_WARN_COMMA = YES;
				CLANG_WARN_CONSTANT_CONVERSION = YES;
				CLANG_WARN_DEPRECATED_OBJC_IMPLEMENTATIONS = YES;
				CLANG_WARN_DIRECT_OBJC_ISA_USAGE = YES_ERROR;
				CLANG_WARN_DOCUMENTATION_COMMENTS = YES;
				CLANG_WARN_EMPTY_BODY = YES;
				CLANG_WARN_ENUM_CONVERSION = YES;
				CLANG_WARN_INFINITE_RECURSION = YES;
				CLANG_WARN_INT_CONVERSION = YES;
				CLANG_WARN_NON_LITERAL_NULL_CONVERSION = YES;
				CLANG_WARN_OBJC_IMPLICIT_RETAIN_SELF = YES;
				CLANG_WARN_OBJC_LITERAL_CONVERSION = YES;
				CLANG_WARN_OBJC_ROOT_CLASS = YES_ERROR;
				CLANG_WARN_RANGE_LOOP_ANALYSIS = YES;
				CLANG_WARN_STRICT_PROTOTYPES = YES;
				CLANG_WARN_SUSPICIOUS_MOVE = YES;
				CLANG_WARN_UNGUARDED_AVAILABILITY = YES_AGGRESSIVE;
				CLANG_WARN_UNREACHABLE_CODE = YES;
				CLANG_WARN__DUPLICATE_METHOD_MATCH = YES;
				COPY_PHASE_STRIP = NO;
				DEBUG_INFORMATION_FORMAT = dwarf;
				ENABLE_STRICT_OBJC_MSGSEND = YES;
				ENABLE_TESTABILITY = YES;
				GCC_C_LANGUAGE_STANDARD = gnu11;
				GCC_DYNAMIC_NO_PIC = NO;
				GCC_NO_COMMON_BLOCKS = YES;
				GCC_OPTIMIZATION_LEVEL = 0;
				GCC_PREPROCESSOR_DEFINITIONS = (
					"DEBUG=1",
					"$(inherited)",
				);
				GCC_WARN_64_TO_32_BIT_CONVERSION = YES;
				GCC_WARN_ABOUT_RETURN_TYPE = YES_ERROR;
				GCC_WARN_UNDECLARED_SELECTOR = YES;
				GCC_WARN_UNINITIALIZED_AUTOS = YES_AGGRESSIVE;
				GCC_WARN_UNUSED_FUNCTION = YES;
				GCC_WARN_UNUSED_VARIABLE = YES;
				IPHONEOS_DEPLOYMENT_TARGET = 13.5;
				MTL_ENABLE_DEBUG_INFO = INCLUDE_SOURCE;
				MTL_FAST_MATH = YES;
				ONLY_ACTIVE_ARCH = YES;
				SDKROOT = iphoneos;
				SWIFT_ACTIVE_COMPILATION_CONDITIONS = DEBUG;
				SWIFT_OPTIMIZATION_LEVEL = "-Onone";
			};
			name = Debug;
		};
		8CCED5BE235F774000A127D8 /* Release */ = {
			isa = XCBuildConfiguration;
			buildSettings = {
				ALWAYS_SEARCH_USER_PATHS = NO;
				CLANG_ANALYZER_NONNULL = YES;
				CLANG_ANALYZER_NUMBER_OBJECT_CONVERSION = YES_AGGRESSIVE;
				CLANG_CXX_LANGUAGE_STANDARD = "gnu++14";
				CLANG_CXX_LIBRARY = "libc++";
				CLANG_ENABLE_MODULES = YES;
				CLANG_ENABLE_OBJC_ARC = YES;
				CLANG_ENABLE_OBJC_WEAK = YES;
				CLANG_WARN_BLOCK_CAPTURE_AUTORELEASING = YES;
				CLANG_WARN_BOOL_CONVERSION = YES;
				CLANG_WARN_COMMA = YES;
				CLANG_WARN_CONSTANT_CONVERSION = YES;
				CLANG_WARN_DEPRECATED_OBJC_IMPLEMENTATIONS = YES;
				CLANG_WARN_DIRECT_OBJC_ISA_USAGE = YES_ERROR;
				CLANG_WARN_DOCUMENTATION_COMMENTS = YES;
				CLANG_WARN_EMPTY_BODY = YES;
				CLANG_WARN_ENUM_CONVERSION = YES;
				CLANG_WARN_INFINITE_RECURSION = YES;
				CLANG_WARN_INT_CONVERSION = YES;
				CLANG_WARN_NON_LITERAL_NULL_CONVERSION = YES;
				CLANG_WARN_OBJC_IMPLICIT_RETAIN_SELF = YES;
				CLANG_WARN_OBJC_LITERAL_CONVERSION = YES;
				CLANG_WARN_OBJC_ROOT_CLASS = YES_ERROR;
				CLANG_WARN_RANGE_LOOP_ANALYSIS = YES;
				CLANG_WARN_STRICT_PROTOTYPES = YES;
				CLANG_WARN_SUSPICIOUS_MOVE = YES;
				CLANG_WARN_UNGUARDED_AVAILABILITY = YES_AGGRESSIVE;
				CLANG_WARN_UNREACHABLE_CODE = YES;
				CLANG_WARN__DUPLICATE_METHOD_MATCH = YES;
				COPY_PHASE_STRIP = NO;
				DEBUG_INFORMATION_FORMAT = "dwarf-with-dsym";
				ENABLE_NS_ASSERTIONS = NO;
				ENABLE_STRICT_OBJC_MSGSEND = YES;
				GCC_C_LANGUAGE_STANDARD = gnu11;
				GCC_NO_COMMON_BLOCKS = YES;
				GCC_WARN_64_TO_32_BIT_CONVERSION = YES;
				GCC_WARN_ABOUT_RETURN_TYPE = YES_ERROR;
				GCC_WARN_UNDECLARED_SELECTOR = YES;
				GCC_WARN_UNINITIALIZED_AUTOS = YES_AGGRESSIVE;
				GCC_WARN_UNUSED_FUNCTION = YES;
				GCC_WARN_UNUSED_VARIABLE = YES;
				IPHONEOS_DEPLOYMENT_TARGET = 13.5;
				MTL_ENABLE_DEBUG_INFO = NO;
				MTL_FAST_MATH = YES;
				SDKROOT = iphoneos;
				SWIFT_COMPILATION_MODE = wholemodule;
				SWIFT_OPTIMIZATION_LEVEL = "-O";
				VALIDATE_PRODUCT = YES;
			};
			name = Release;
		};
		8CCED5C0235F774000A127D8 /* Debug */ = {
			isa = XCBuildConfiguration;
			buildSettings = {
				ASSETCATALOG_COMPILER_APPICON_NAME = AppIcon;
				CODE_SIGN_STYLE = Automatic;
				CURRENT_PROJECT_VERSION = 1;
				DEVELOPMENT_ASSET_PATHS = "\"PickerViewMLEmblems/Preview Content\"";
				DEVELOPMENT_TEAM = AMLYNCKP6M;
				ENABLE_PREVIEWS = YES;
				FRAMEWORK_SEARCH_PATHS = (
					"$(inherited)",
					"$(PROJECT_DIR)",
					"$(PROJECT_DIR)/PickerViewMLEmblems",
				);
				INFOPLIST_FILE = PickerViewMLEmblems/Info.plist;
				IPHONEOS_DEPLOYMENT_TARGET = 13.6;
				LD_RUNPATH_SEARCH_PATHS = (
					"$(inherited)",
					"@executable_path/Frameworks",
				);
				MARKETING_VERSION = 1.2;
				PRODUCT_BUNDLE_IDENTIFIER = me.PickerViewMLEmblems;
				PRODUCT_NAME = "$(TARGET_NAME)";
				SWIFT_VERSION = 5.0;
				TARGETED_DEVICE_FAMILY = 1;
			};
			name = Debug;
		};
		8CCED5C1235F774000A127D8 /* Release */ = {
			isa = XCBuildConfiguration;
			buildSettings = {
				ASSETCATALOG_COMPILER_APPICON_NAME = AppIcon;
				CODE_SIGN_STYLE = Automatic;
				CURRENT_PROJECT_VERSION = 1;
				DEVELOPMENT_ASSET_PATHS = "\"PickerViewMLEmblems/Preview Content\"";
				DEVELOPMENT_TEAM = AMLYNCKP6M;
				ENABLE_PREVIEWS = YES;
				FRAMEWORK_SEARCH_PATHS = (
					"$(inherited)",
					"$(PROJECT_DIR)",
					"$(PROJECT_DIR)/PickerViewMLEmblems",
				);
				INFOPLIST_FILE = PickerViewMLEmblems/Info.plist;
				IPHONEOS_DEPLOYMENT_TARGET = 13.6;
				LD_RUNPATH_SEARCH_PATHS = (
					"$(inherited)",
					"@executable_path/Frameworks",
				);
				MARKETING_VERSION = 1.2;
				PRODUCT_BUNDLE_IDENTIFIER = me.PickerViewMLEmblems;
				PRODUCT_NAME = "$(TARGET_NAME)";
				SWIFT_VERSION = 5.0;
				TARGETED_DEVICE_FAMILY = 1;
			};
			name = Release;
		};
		8CCED5C3235F774000A127D8 /* Debug */ = {
			isa = XCBuildConfiguration;
			buildSettings = {
				ALWAYS_EMBED_SWIFT_STANDARD_LIBRARIES = YES;
				BUNDLE_LOADER = "$(TEST_HOST)";
				CODE_SIGN_STYLE = Automatic;
				DEVELOPMENT_TEAM = AMLYNCKP6M;
				INFOPLIST_FILE = PickerViewMLEmblemsTests/Info.plist;
				IPHONEOS_DEPLOYMENT_TARGET = 13.0;
				LD_RUNPATH_SEARCH_PATHS = (
					"$(inherited)",
					"@executable_path/Frameworks",
					"@loader_path/Frameworks",
				);
				PRODUCT_BUNDLE_IDENTIFIER = me.PickerViewMLEmblemsTests;
				PRODUCT_NAME = "$(TARGET_NAME)";
				SWIFT_VERSION = 5.0;
				TARGETED_DEVICE_FAMILY = "1,2";
				TEST_HOST = "$(BUILT_PRODUCTS_DIR)/Emblater.app/Emblater";
			};
			name = Debug;
		};
		8CCED5C4235F774000A127D8 /* Release */ = {
			isa = XCBuildConfiguration;
			buildSettings = {
				ALWAYS_EMBED_SWIFT_STANDARD_LIBRARIES = YES;
				BUNDLE_LOADER = "$(TEST_HOST)";
				CODE_SIGN_STYLE = Automatic;
				DEVELOPMENT_TEAM = AMLYNCKP6M;
				INFOPLIST_FILE = PickerViewMLEmblemsTests/Info.plist;
				IPHONEOS_DEPLOYMENT_TARGET = 13.0;
				LD_RUNPATH_SEARCH_PATHS = (
					"$(inherited)",
					"@executable_path/Frameworks",
					"@loader_path/Frameworks",
				);
				PRODUCT_BUNDLE_IDENTIFIER = me.PickerViewMLEmblemsTests;
				PRODUCT_NAME = "$(TARGET_NAME)";
				SWIFT_VERSION = 5.0;
				TARGETED_DEVICE_FAMILY = "1,2";
				TEST_HOST = "$(BUILT_PRODUCTS_DIR)/Emblater.app/Emblater";
			};
			name = Release;
		};
		8CCED5C6235F774000A127D8 /* Debug */ = {
			isa = XCBuildConfiguration;
			buildSettings = {
				ALWAYS_EMBED_SWIFT_STANDARD_LIBRARIES = YES;
				CODE_SIGN_STYLE = Automatic;
				DEVELOPMENT_TEAM = AMLYNCKP6M;
				INFOPLIST_FILE = PickerViewMLEmblemsUITests/Info.plist;
				LD_RUNPATH_SEARCH_PATHS = (
					"$(inherited)",
					"@executable_path/Frameworks",
					"@loader_path/Frameworks",
				);
				PRODUCT_BUNDLE_IDENTIFIER = me.PickerViewMLEmblemsUITests;
				PRODUCT_NAME = "$(TARGET_NAME)";
				SWIFT_VERSION = 5.0;
				TARGETED_DEVICE_FAMILY = "1,2";
				TEST_TARGET_NAME = PickerViewMLEmblems;
			};
			name = Debug;
		};
		8CCED5C7235F774000A127D8 /* Release */ = {
			isa = XCBuildConfiguration;
			buildSettings = {
				ALWAYS_EMBED_SWIFT_STANDARD_LIBRARIES = YES;
				CODE_SIGN_STYLE = Automatic;
				DEVELOPMENT_TEAM = AMLYNCKP6M;
				INFOPLIST_FILE = PickerViewMLEmblemsUITests/Info.plist;
				LD_RUNPATH_SEARCH_PATHS = (
					"$(inherited)",
					"@executable_path/Frameworks",
					"@loader_path/Frameworks",
				);
				PRODUCT_BUNDLE_IDENTIFIER = me.PickerViewMLEmblemsUITests;
				PRODUCT_NAME = "$(TARGET_NAME)";
				SWIFT_VERSION = 5.0;
				TARGETED_DEVICE_FAMILY = "1,2";
				TEST_TARGET_NAME = PickerViewMLEmblems;
			};
			name = Release;
		};
/* End XCBuildConfiguration section */

/* Begin XCConfigurationList section */
		8CCED590235F773A00A127D8 /* Build configuration list for PBXProject "Emblater" */ = {
			isa = XCConfigurationList;
			buildConfigurations = (
				8CCED5BD235F774000A127D8 /* Debug */,
				8CCED5BE235F774000A127D8 /* Release */,
			);
			defaultConfigurationIsVisible = 0;
			defaultConfigurationName = Release;
		};
		8CCED5BF235F774000A127D8 /* Build configuration list for PBXNativeTarget "Emblater" */ = {
			isa = XCConfigurationList;
			buildConfigurations = (
				8CCED5C0235F774000A127D8 /* Debug */,
				8CCED5C1235F774000A127D8 /* Release */,
			);
			defaultConfigurationIsVisible = 0;
			defaultConfigurationName = Release;
		};
		8CCED5C2235F774000A127D8 /* Build configuration list for PBXNativeTarget "EmblaterTests" */ = {
			isa = XCConfigurationList;
			buildConfigurations = (
				8CCED5C3235F774000A127D8 /* Debug */,
				8CCED5C4235F774000A127D8 /* Release */,
			);
			defaultConfigurationIsVisible = 0;
			defaultConfigurationName = Release;
		};
		8CCED5C5235F774000A127D8 /* Build configuration list for PBXNativeTarget "EmblaterUITests" */ = {
			isa = XCConfigurationList;
			buildConfigurations = (
				8CCED5C6235F774000A127D8 /* Debug */,
				8CCED5C7235F774000A127D8 /* Release */,
			);
			defaultConfigurationIsVisible = 0;
			defaultConfigurationName = Release;
		};
/* End XCConfigurationList section */
	};
	rootObject = 8CCED58D235F773A00A127D8 /* Project object */;
}
